{
	"name": "@teamhanko/passkeys-sdk",
	"version": "0.1.0",
	"lockfileVersion": 3,
	"requires": true,
	"packages": {
		"": {
			"name": "@teamhanko/passkeys-sdk",
			"version": "0.1.0",
			"dependencies": {
				"openapi-fetch": "^0.8.1"
			},
			"devDependencies": {
				"typescript": "^5.0.0"
			}
		},
		"node_modules/openapi-fetch": {
			"version": "0.8.1",
			"license": "MIT",
			"dependencies": {
				"openapi-typescript-helpers": "^0.0.4"
			}
		},
		"node_modules/openapi-typescript-helpers": {
			"version": "0.0.4",
			"license": "MIT"
		},
		"node_modules/typescript": {
			"version": "5.2.2",
			"dev": true,
			"license": "Apache-2.0",
			"bin": {
				"tsc": "bin/tsc",
				"tsserver": "bin/tsserver"
			},
			"engines": {
				"node": ">=14.17"
			}
		}
	}
}
