{
	"name": "@teamhanko/passkeys-next-auth-provider",
	"version": "0.1.0",
	"lockfileVersion": 3,
	"requires": true,
	"packages": {
		"": {
			"dependencies": {
				"@github/webauthn-json": "^2.1.1",
				"@teamhanko/passkeys-sdk": "^0.1.8",
				"jose": "^5.1.1"
			},
			"devDependencies": {
				"typescript": "^5.0.0"
			},
			"peerDependencies": {
				"next-auth": "^5.0.0-beta.17"
			}
		},
		"node_modules/@auth/core": {
			"version": "0.31.0",
			"resolved": "https://registry.npmjs.org/@auth/core/-/core-0.31.0.tgz",
			"integrity": "sha512-UKk3psvA1cRbk4/c9CkpWB8mdWrkKvzw0DmEYRsWolUQytQ2cRqx+hYuV6ZCsngw/xbj9hpmkZmAZEyq2g4fMg==",
			"peer": true,
			"dependencies": {
				"@panva/hkdf": "^1.1.1",
				"@types/cookie": "0.6.0",
				"cookie": "0.6.0",
				"jose": "^5.1.3",
				"oauth4webapi": "^2.4.0",
				"preact": "10.11.3",
				"preact-render-to-string": "5.2.3"
			},
			"peerDependencies": {
				"@simplewebauthn/browser": "^9.0.1",
				"@simplewebauthn/server": "^9.0.2",
				"nodemailer": "^6.8.0"
			},
			"peerDependenciesMeta": {
				"@simplewebauthn/browser": {
					"optional": true
				},
				"@simplewebauthn/server": {
					"optional": true
				},
				"nodemailer": {
					"optional": true
				}
			}
		},
		"node_modules/@github/webauthn-json": {
			"version": "2.1.1",
			"license": "MIT",
			"bin": {
				"webauthn-json": "dist/bin/main.js"
			}
		},
		"node_modules/@next/env": {
			"version": "14.2.3",
			"resolved": "https://registry.npmjs.org/@next/env/-/env-14.2.3.tgz",
			"integrity": "sha512-W7fd7IbkfmeeY2gXrzJYDx8D2lWKbVoTIj1o1ScPHNzvp30s1AuoEFSdr39bC5sjxJaxTtq3OTCZboNp0lNWHA==",
			"peer": true
		},
		"node_modules/@next/swc-darwin-arm64": {
			"version": "14.2.3",
			"resolved": "https://registry.npmjs.org/@next/swc-darwin-arm64/-/swc-darwin-arm64-14.2.3.tgz",
			"integrity": "sha512-3pEYo/RaGqPP0YzwnlmPN2puaF2WMLM3apt5jLW2fFdXD9+pqcoTzRk+iZsf8ta7+quAe4Q6Ms0nR0SFGFdS1A==",
			"cpu": [
				"arm64"
			],
			"optional": true,
			"os": [
				"darwin"
			],
			"peer": true,
			"engines": {
				"node": ">= 10"
			}
		},
		"node_modules/@next/swc-darwin-x64": {
			"version": "14.2.3",
			"resolved": "https://registry.npmjs.org/@next/swc-darwin-x64/-/swc-darwin-x64-14.2.3.tgz",
			"integrity": "sha512-6adp7waE6P1TYFSXpY366xwsOnEXM+y1kgRpjSRVI2CBDOcbRjsJ67Z6EgKIqWIue52d2q/Mx8g9MszARj8IEA==",
			"cpu": [
				"x64"
			],
			"optional": true,
			"os": [
				"darwin"
			],
			"peer": true,
			"engines": {
				"node": ">= 10"
			}
		},
		"node_modules/@next/swc-linux-arm64-gnu": {
			"version": "14.2.3",
			"resolved": "https://registry.npmjs.org/@next/swc-linux-arm64-gnu/-/swc-linux-arm64-gnu-14.2.3.tgz",
			"integrity": "sha512-cuzCE/1G0ZSnTAHJPUT1rPgQx1w5tzSX7POXSLaS7w2nIUJUD+e25QoXD/hMfxbsT9rslEXugWypJMILBj/QsA==",
			"cpu": [
				"arm64"
			],
			"optional": true,
			"os": [
				"linux"
			],
			"peer": true,
			"engines": {
				"node": ">= 10"
			}
		},
		"node_modules/@next/swc-linux-arm64-musl": {
			"version": "14.2.3",
			"resolved": "https://registry.npmjs.org/@next/swc-linux-arm64-musl/-/swc-linux-arm64-musl-14.2.3.tgz",
			"integrity": "sha512-0D4/oMM2Y9Ta3nGuCcQN8jjJjmDPYpHX9OJzqk42NZGJocU2MqhBq5tWkJrUQOQY9N+In9xOdymzapM09GeiZw==",
			"cpu": [
				"arm64"
			],
			"optional": true,
			"os": [
				"linux"
			],
			"peer": true,
			"engines": {
				"node": ">= 10"
			}
		},
		"node_modules/@next/swc-linux-x64-gnu": {
			"version": "14.2.3",
			"resolved": "https://registry.npmjs.org/@next/swc-linux-x64-gnu/-/swc-linux-x64-gnu-14.2.3.tgz",
			"integrity": "sha512-ENPiNnBNDInBLyUU5ii8PMQh+4XLr4pG51tOp6aJ9xqFQ2iRI6IH0Ds2yJkAzNV1CfyagcyzPfROMViS2wOZ9w==",
			"cpu": [
				"x64"
			],
			"optional": true,
			"os": [
				"linux"
			],
			"peer": true,
			"engines": {
				"node": ">= 10"
			}
		},
		"node_modules/@next/swc-linux-x64-musl": {
			"version": "14.2.3",
			"resolved": "https://registry.npmjs.org/@next/swc-linux-x64-musl/-/swc-linux-x64-musl-14.2.3.tgz",
			"integrity": "sha512-BTAbq0LnCbF5MtoM7I/9UeUu/8ZBY0i8SFjUMCbPDOLv+un67e2JgyN4pmgfXBwy/I+RHu8q+k+MCkDN6P9ViQ==",
			"cpu": [
				"x64"
			],
			"optional": true,
			"os": [
				"linux"
			],
			"peer": true,
			"engines": {
				"node": ">= 10"
			}
		},
		"node_modules/@next/swc-win32-arm64-msvc": {
			"version": "14.2.3",
			"resolved": "https://registry.npmjs.org/@next/swc-win32-arm64-msvc/-/swc-win32-arm64-msvc-14.2.3.tgz",
			"integrity": "sha512-AEHIw/dhAMLNFJFJIJIyOFDzrzI5bAjI9J26gbO5xhAKHYTZ9Or04BesFPXiAYXDNdrwTP2dQceYA4dL1geu8A==",
			"cpu": [
				"arm64"
			],
			"optional": true,
			"os": [
				"win32"
			],
			"peer": true,
			"engines": {
				"node": ">= 10"
			}
		},
		"node_modules/@next/swc-win32-ia32-msvc": {
			"version": "14.2.3",
			"resolved": "https://registry.npmjs.org/@next/swc-win32-ia32-msvc/-/swc-win32-ia32-msvc-14.2.3.tgz",
			"integrity": "sha512-vga40n1q6aYb0CLrM+eEmisfKCR45ixQYXuBXxOOmmoV8sYST9k7E3US32FsY+CkkF7NtzdcebiFT4CHuMSyZw==",
			"cpu": [
				"ia32"
			],
			"optional": true,
			"os": [
				"win32"
			],
			"peer": true,
			"engines": {
				"node": ">= 10"
			}
		},
		"node_modules/@next/swc-win32-x64-msvc": {
			"version": "14.2.3",
			"resolved": "https://registry.npmjs.org/@next/swc-win32-x64-msvc/-/swc-win32-x64-msvc-14.2.3.tgz",
			"integrity": "sha512-Q1/zm43RWynxrO7lW4ehciQVj+5ePBhOK+/K2P7pLFX3JaJ/IZVC69SHidrmZSOkqz7ECIOhhy7XhAFG4JYyHA==",
			"cpu": [
				"x64"
			],
			"optional": true,
			"os": [
				"win32"
			],
			"peer": true,
			"engines": {
				"node": ">= 10"
			}
		},
		"node_modules/@panva/hkdf": {
			"version": "1.1.1",
			"resolved": "https://registry.npmjs.org/@panva/hkdf/-/hkdf-1.1.1.tgz",
			"integrity": "sha512-dhPeilub1NuIG0X5Kvhh9lH4iW3ZsHlnzwgwbOlgwQ2wG1IqFzsgHqmKPk3WzsdWAeaxKJxgM0+W433RmN45GA==",
			"peer": true,
			"funding": {
				"url": "https://github.com/sponsors/panva"
			}
		},
		"node_modules/@swc/counter": {
			"version": "0.1.3",
			"resolved": "https://registry.npmjs.org/@swc/counter/-/counter-0.1.3.tgz",
			"integrity": "sha512-e2BR4lsJkkRlKZ/qCHPw9ZaSxc0MVUd7gtbtaB7aMvHeJVYe8sOB8DBZkP2DtISHGSku9sCK6T6cnY0CtXrOCQ==",
			"peer": true
		},
		"node_modules/@swc/helpers": {
			"version": "0.5.5",
			"resolved": "https://registry.npmjs.org/@swc/helpers/-/helpers-0.5.5.tgz",
			"integrity": "sha512-KGYxvIOXcceOAbEk4bi/dVLEK9z8sZ0uBB3Il5b1rhfClSpcX0yfRO0KmTkqR2cnQDymwLB+25ZyMzICg/cm/A==",
			"peer": true,
			"dependencies": {
				"@swc/counter": "^0.1.3",
				"tslib": "^2.4.0"
			}
		},
		"node_modules/@teamhanko/passkeys-sdk": {
			"version": "0.1.9",
			"resolved": "https://registry.npmjs.org/@teamhanko/passkeys-sdk/-/passkeys-sdk-0.1.9.tgz",
			"integrity": "sha512-ondkz+YroGgI8b32cEYxLJbN5PwzIVdYlwSjXy7t87K1z1G16HKLkrmEBRnlvqWEWpxKOB691Gc8SnHbitDBKQ==",
			"dependencies": {
				"openapi-fetch": "^0.8.1"
			}
		},
		"node_modules/@types/cookie": {
			"version": "0.6.0",
			"resolved": "https://registry.npmjs.org/@types/cookie/-/cookie-0.6.0.tgz",
			"integrity": "sha512-4Kh9a6B2bQciAhf7FSuMRRkUWecJgJu9nPnx3yzpsfXX/c50REIqpHY4C82bXP90qrLtXtkDxTZosYO3UpOwlA==",
			"peer": true
		},
		"node_modules/busboy": {
			"version": "1.6.0",
			"peer": true,
			"dependencies": {
				"streamsearch": "^1.1.0"
			},
			"engines": {
				"node": ">=10.16.0"
			}
		},
		"node_modules/caniuse-lite": {
			"version": "1.0.30001621",
			"resolved": "https://registry.npmjs.org/caniuse-lite/-/caniuse-lite-1.0.30001621.tgz",
			"integrity": "sha512-+NLXZiviFFKX0fk8Piwv3PfLPGtRqJeq2TiNoUff/qB5KJgwecJTvCXDpmlyP/eCI/GUEmp/h/y5j0yckiiZrA==",
			"funding": [
				{
					"type": "opencollective",
					"url": "https://opencollective.com/browserslist"
				},
				{
					"type": "tidelift",
					"url": "https://tidelift.com/funding/github/npm/caniuse-lite"
				},
				{
					"type": "github",
					"url": "https://github.com/sponsors/ai"
				}
			],
			"peer": true
		},
		"node_modules/client-only": {
			"version": "0.0.1",
			"license": "MIT",
			"peer": true
		},
		"node_modules/cookie": {
			"version": "0.6.0",
			"resolved": "https://registry.npmjs.org/cookie/-/cookie-0.6.0.tgz",
			"integrity": "sha512-U71cyTamuh1CRNCfpGY6to28lxvNwPG4Guz/EVjgf3Jmzv0vlDp1atT9eS5dDjMYHucpHbWns6Lwf3BKz6svdw==",
			"peer": true,
			"engines": {
				"node": ">= 0.6"
			}
		},
		"node_modules/graceful-fs": {
			"version": "4.2.11",
			"resolved": "https://registry.npmjs.org/graceful-fs/-/graceful-fs-4.2.11.tgz",
			"integrity": "sha512-RbJ5/jmFcNNCcDV5o9eTnBLJ/HszWV0P73bc+Ff4nS/rJj+YaS6IGyiOL0VoBYX+l1Wrl3k63h/KrH+nhJ0XvQ==",
			"peer": true
		},
		"node_modules/jose": {
			"version": "5.3.0",
			"resolved": "https://registry.npmjs.org/jose/-/jose-5.3.0.tgz",
			"integrity": "sha512-IChe9AtAE79ru084ow8jzkN2lNrG3Ntfiv65Cvj9uOCE2m5LNsdHG+9EbxWxAoWRF9TgDOqLN5jm08++owDVRg==",
			"funding": {
				"url": "https://github.com/sponsors/panva"
			}
		},
		"node_modules/js-tokens": {
			"version": "4.0.0",
			"license": "MIT",
			"peer": true
		},
		"node_modules/loose-envify": {
			"version": "1.4.0",
			"license": "MIT",
			"peer": true,
			"dependencies": {
				"js-tokens": "^3.0.0 || ^4.0.0"
			},
			"bin": {
				"loose-envify": "cli.js"
			}
		},
		"node_modules/nanoid": {
			"version": "3.3.7",
			"funding": [
				{
					"type": "github",
					"url": "https://github.com/sponsors/ai"
				}
			],
			"license": "MIT",
			"peer": true,
			"bin": {
				"nanoid": "bin/nanoid.cjs"
			},
			"engines": {
				"node": "^10 || ^12 || ^13.7 || ^14 || >=15.0.1"
			}
		},
		"node_modules/next": {
			"version": "14.2.3",
			"resolved": "https://registry.npmjs.org/next/-/next-14.2.3.tgz",
			"integrity": "sha512-dowFkFTR8v79NPJO4QsBUtxv0g9BrS/phluVpMAt2ku7H+cbcBJlopXjkWlwxrk/xGqMemr7JkGPGemPrLLX7A==",
			"peer": true,
			"dependencies": {
				"@next/env": "14.2.3",
				"@swc/helpers": "0.5.5",
				"busboy": "1.6.0",
				"caniuse-lite": "^1.0.30001579",
				"graceful-fs": "^4.2.11",
				"postcss": "8.4.31",
				"styled-jsx": "5.1.1"
			},
			"bin": {
				"next": "dist/bin/next"
			},
			"engines": {
				"node": ">=18.17.0"
			},
			"optionalDependencies": {
				"@next/swc-darwin-arm64": "14.2.3",
				"@next/swc-darwin-x64": "14.2.3",
				"@next/swc-linux-arm64-gnu": "14.2.3",
				"@next/swc-linux-arm64-musl": "14.2.3",
				"@next/swc-linux-x64-gnu": "14.2.3",
				"@next/swc-linux-x64-musl": "14.2.3",
				"@next/swc-win32-arm64-msvc": "14.2.3",
				"@next/swc-win32-ia32-msvc": "14.2.3",
				"@next/swc-win32-x64-msvc": "14.2.3"
			},
			"peerDependencies": {
				"@opentelemetry/api": "^1.1.0",
				"@playwright/test": "^1.41.2",
				"react": "^18.2.0",
				"react-dom": "^18.2.0",
				"sass": "^1.3.0"
			},
			"peerDependenciesMeta": {
				"@opentelemetry/api": {
					"optional": true
				},
				"@playwright/test": {
					"optional": true
				},
				"sass": {
					"optional": true
				}
			}
		},
		"node_modules/next-auth": {
			"version": "5.0.0-beta.18",
			"resolved": "https://registry.npmjs.org/next-auth/-/next-auth-5.0.0-beta.18.tgz",
			"integrity": "sha512-x55L8wZb8PcPGCYA3e/l9tdpd7YL3FDuhas4W8pxq3PjrWJ9OoDxNN0otK9axJamJBbBgjfzTJjVQB6hXoe0ZQ==",
			"peer": true,
			"dependencies": {
				"@auth/core": "0.31.0"
			},
			"peerDependencies": {
				"@simplewebauthn/browser": "^9.0.1",
				"@simplewebauthn/server": "^9.0.2",
				"next": "^14",
				"nodemailer": "^6.6.5",
				"react": "^18.2.0"
			},
			"peerDependenciesMeta": {
				"@simplewebauthn/browser": {
					"optional": true
				},
				"@simplewebauthn/server": {
					"optional": true
				},
				"nodemailer": {
					"optional": true
				}
			}
		},
		"node_modules/oauth4webapi": {
			"version": "2.10.4",
			"resolved": "https://registry.npmjs.org/oauth4webapi/-/oauth4webapi-2.10.4.tgz",
			"integrity": "sha512-DSoj8QoChzOCQlJkRmYxAJCIpnXFW32R0Uq7avyghIeB6iJq0XAblOD7pcq3mx4WEBDwMuKr0Y1qveCBleG2Xw==",
			"peer": true,
			"funding": {
				"url": "https://github.com/sponsors/panva"
			}
		},
		"node_modules/openapi-fetch": {
			"version": "0.8.1",
			"license": "MIT",
			"dependencies": {
				"openapi-typescript-helpers": "^0.0.4"
			}
		},
		"node_modules/openapi-typescript-helpers": {
			"version": "0.0.4",
			"license": "MIT"
		},
		"node_modules/picocolors": {
			"version": "1.0.0",
			"license": "ISC",
			"peer": true
		},
		"node_modules/postcss": {
			"version": "8.4.31",
			"funding": [
				{
					"type": "opencollective",
					"url": "https://opencollective.com/postcss/"
				},
				{
					"type": "tidelift",
					"url": "https://tidelift.com/funding/github/npm/postcss"
				},
				{
					"type": "github",
					"url": "https://github.com/sponsors/ai"
				}
			],
			"license": "MIT",
			"peer": true,
			"dependencies": {
				"nanoid": "^3.3.6",
				"picocolors": "^1.0.0",
				"source-map-js": "^1.0.2"
			},
			"engines": {
				"node": "^10 || ^12 || >=14"
			}
		},
		"node_modules/preact": {
			"version": "10.11.3",
			"resolved": "https://registry.npmjs.org/preact/-/preact-10.11.3.tgz",
			"integrity": "sha512-eY93IVpod/zG3uMF22Unl8h9KkrcKIRs2EGar8hwLZZDU1lkjph303V9HZBwufh2s736U6VXuhD109LYqPoffg==",
			"peer": true,
			"funding": {
				"type": "opencollective",
				"url": "https://opencollective.com/preact"
			}
		},
		"node_modules/preact-render-to-string": {
			"version": "5.2.3",
			"resolved": "https://registry.npmjs.org/preact-render-to-string/-/preact-render-to-string-5.2.3.tgz",
			"integrity": "sha512-aPDxUn5o3GhWdtJtW0svRC2SS/l8D9MAgo2+AWml+BhDImb27ALf04Q2d+AHqUUOc6RdSXFIBVa2gxzgMKgtZA==",
			"peer": true,
			"dependencies": {
				"pretty-format": "^3.8.0"
			},
			"peerDependencies": {
				"preact": ">=10"
			}
		},
		"node_modules/pretty-format": {
			"version": "3.8.0",
			"resolved": "https://registry.npmjs.org/pretty-format/-/pretty-format-3.8.0.tgz",
			"integrity": "sha512-WuxUnVtlWL1OfZFQFuqvnvs6MiAGk9UNsBostyBOB0Is9wb5uRESevA6rnl/rkksXaGX3GzZhPup5d6Vp1nFew==",
			"peer": true
		},
		"node_modules/react": {
			"version": "18.2.0",
			"license": "MIT",
			"peer": true,
			"dependencies": {
				"loose-envify": "^1.1.0"
			},
			"engines": {
				"node": ">=0.10.0"
			}
		},
		"node_modules/react-dom": {
			"version": "18.2.0",
			"license": "MIT",
			"peer": true,
			"dependencies": {
				"loose-envify": "^1.1.0",
				"scheduler": "^0.23.0"
			},
			"peerDependencies": {
				"react": "^18.2.0"
			}
		},
		"node_modules/scheduler": {
			"version": "0.23.0",
			"license": "MIT",
			"peer": true,
			"dependencies": {
				"loose-envify": "^1.1.0"
			}
		},
		"node_modules/source-map-js": {
			"version": "1.0.2",
			"license": "BSD-3-Clause",
			"peer": true,
			"engines": {
				"node": ">=0.10.0"
			}
		},
		"node_modules/streamsearch": {
			"version": "1.1.0",
			"peer": true,
			"engines": {
				"node": ">=10.0.0"
			}
		},
		"node_modules/styled-jsx": {
			"version": "5.1.1",
			"license": "MIT",
			"peer": true,
			"dependencies": {
				"client-only": "0.0.1"
			},
			"engines": {
				"node": ">= 12.0.0"
			},
			"peerDependencies": {
				"react": ">= 16.8.0 || 17.x.x || ^18.0.0-0"
			},
			"peerDependenciesMeta": {
				"@babel/core": {
					"optional": true
				},
				"babel-plugin-macros": {
					"optional": true
				}
			}
		},
		"node_modules/tslib": {
			"version": "2.6.2",
			"resolved": "https://registry.npmjs.org/tslib/-/tslib-2.6.2.tgz",
			"integrity": "sha512-AEYxH93jGFPn/a2iVAwW87VuUIkR1FVUKB77NwMF7nBTDkDrrT/Hpt/IrCJ0QXhW27jTBDcf5ZY7w6RiqTMw2Q==",
			"peer": true
		},
		"node_modules/typescript": {
			"version": "5.3.2",
			"dev": true,
			"license": "Apache-2.0",
			"bin": {
				"tsc": "bin/tsc",
				"tsserver": "bin/tsserver"
			},
			"engines": {
				"node": ">=14.17"
			}
		}
	}
}
